<?xml version="1.0" encoding="utf-8"?>
<Project ToolsVersion="4.0" xmlns="http://schemas.microsoft.com/developer/msbuild/2003">
  <ItemGroup>
    <Filter Include="imgui">
      <UniqueIdentifier>{0587d7a3-f2ce-4d56-b84f-a0005d3bfce6}</UniqueIdentifier>
    </Filter>
    <Filter Include="sources">
      <UniqueIdentifier>{08e36723-ce4f-4cff-9662-c40801cf1acf}</UniqueIdentifier>
    </Filter>
    <Filter Include="sources\SettingsMenu">
      <UniqueIdentifier>{957cd945-83bd-4ada-866b-f6c8e8212526}</UniqueIdentifier>
    </Filter>
    <Filter Include="sources\LoadSaveMenu">
      <UniqueIdentifier>{454e9301-871b-4903-9bb4-649f3498ed94}</UniqueIdentifier>
    </Filter>
    <Filter Include="sources\TitlePage">
      <UniqueIdentifier>{5101e1d1-bb7c-4b13-afd4-c432c839ebd5}</UniqueIdentifier>
    </Filter>
    <Filter Include="sources\NewGame">
      <UniqueIdentifier>{7c176f88-95b7-450d-88a8-cca9d8d2d746}</UniqueIdentifier>
    </Filter>
    <Filter Include="sources\Player">
      <UniqueIdentifier>{bdea7697-17cd-4784-8b33-1f145203adb3}</UniqueIdentifier>
    </Filter>
    <Filter Include="sources\Saves">
      <UniqueIdentifier>{9d408b40-d713-49e1-945b-cefdc2b28166}</UniqueIdentifier>
    </Filter>
  </ItemGroup>
  <ItemGroup>
    <ClInclude Include="..\..\imconfig.h">
      <Filter>imgui</Filter>
    </ClInclude>
    <ClInclude Include="..\..\imgui.h">
      <Filter>imgui</Filter>
    </ClInclude>
    <ClInclude Include="..\..\imgui_internal.h">
      <Filter>imgui</Filter>
    </ClInclude>
    <ClInclude Include="..\..\backends\imgui_impl_win32.h">
      <Filter>sources</Filter>
    </ClInclude>
    <ClInclude Include="..\..\backends\imgui_impl_dx11.h">
      <Filter>sources</Filter>
    </ClInclude>
    <ClInclude Include="MainMenuBar.h">
      <Filter>sources</Filter>
    </ClInclude>
    <ClInclude Include="titleScreen.h">
      <Filter>sources\TitlePage</Filter>
    </ClInclude>
    <ClInclude Include="settingsScreen.h">
      <Filter>sources\SettingsMenu</Filter>
    </ClInclude>
    <ClInclude Include="Saves\saveFileClass.h">
      <Filter>sources\Saves</Filter>
    </ClInclude>
    <ClInclude Include="newGameScreen.h">
      <Filter>sources\NewGame</Filter>
    </ClInclude>
  </ItemGroup>
  <ItemGroup>
    <ClCompile Include="..\..\imgui.cpp">
      <Filter>imgui</Filter>
    </ClCompile>
    <ClCompile Include="main.cpp">
      <Filter>sources</Filter>
    </ClCompile>
    <ClCompile Include="..\..\imgui_demo.cpp">
      <Filter>imgui</Filter>
    </ClCompile>
    <ClCompile Include="..\..\imgui_draw.cpp">
      <Filter>imgui</Filter>
    </ClCompile>
    <ClCompile Include="..\..\imgui_widgets.cpp">
      <Filter>imgui</Filter>
    </ClCompile>
    <ClCompile Include="..\..\backends\imgui_impl_win32.cpp">
      <Filter>sources</Filter>
    </ClCompile>
    <ClCompile Include="..\..\backends\imgui_impl_dx11.cpp">
      <Filter>sources</Filter>
    </ClCompile>
    <ClCompile Include="..\..\imgui_tables.cpp">
      <Filter>imgui</Filter>
    </ClCompile>
    <ClCompile Include="MainMenuBar.cpp">
      <Filter>sources</Filter>
    </ClCompile>
    <ClCompile Include="titleScreen.cpp">
      <Filter>sources\TitlePage</Filter>
    </ClCompile>
    <ClCompile Include="settingsScreen.cpp">
      <Filter>sources\SettingsMenu</Filter>
    </ClCompile>
    <ClCompile Include="Saves\saveFileClass.cpp">
      <Filter>sources\Saves</Filter>
    </ClCompile>
    <ClCompile Include="NewGameScreen.cpp">
      <Filter>sources\NewGame</Filter>
    </ClCompile>
  </ItemGroup>
  <ItemGroup>
    <None Include="..\README.txt" />
    <None Include="..\..\misc\debuggers\imgui.natvis">
      <Filter>imgui</Filter>
    </None>
    <None Include="..\..\misc\debuggers\imgui.natstepfilter">
      <Filter>imgui</Filter>
    </None>
    <None Include="Scenes\Title Screen.scene">
      <Filter>sources\TitlePage</Filter>
    </None>
    <None Include="Scenes\Settings Screen.scene">
      <Filter>sources\SettingsMenu</Filter>
    </None>
  </ItemGroup>
  <ItemGroup>
    <Text Include="ExceptionsList.txt">
      <Filter>sources</Filter>
    </Text>
    <Text Include="FileTypeNaming.txt">
      <Filter>sources</Filter>
    </Text>
  </ItemGroup>
</Project>